{
  "name": "NA_Error_when_using_CustomFormula",
  "lockfileVersion": 3,
  "requires": true,
  "packages": {
    "": {
      "dependencies": {
        "@grapecity/spread-sheets": "^17.0.10",
        "@grapecity/spread-sheets-tablesheet": "^17.1.0"
      }
    },
    "node_modules/@grapecity/spread-sheets": {
      "version": "17.1.0",
      "resolved": "https://registry.npmjs.org/@grapecity/spread-sheets/-/spread-sheets-17.1.0.tgz",
      "integrity": "sha512-lLsEh7gaK2GH0sva77nep7zA2ycCQpHJQn50WSTfY8cWHDPSpB6dayq+8Je8ZqWRVrGD3TPA9lNJDY9mZgt49g=="
    },
    "node_modules/@grapecity/spread-sheets-tablesheet": {
      "version": "17.1.0",
      "resolved": "https://registry.npmjs.org/@grapecity/spread-sheets-tablesheet/-/spread-sheets-tablesheet-17.1.0.tgz",
      "integrity": "sha512-Uj9WycOo7cPaxQSp3/Ly/oA3J7oNAPU7xvZEvIcELQf4xGTrchMENzMXyfl42ubxRiNIBZrIGwnJZcKInq03OQ==",
      "dependencies": {
        "@grapecity/spread-sheets": "17.1.0"
      }
    }
  }
}
